
Microsoft Visual Studio Solution File, Format Version 12.00
# Visual Studio Version 16
VisualStudioVersion = 16.0.31702.278
MinimumVisualStudioVersion = 10.0.40219.1
Project("{FAE04EC0-301F-11D3-BF4B-00C04F79EFBC}") = "Dz_10_CompositeOffice", "Dz_10_CompositeOffice\Dz_10_CompositeOffice.csproj", "{DCEAB4D3-9CA3-44E2-8ADC-962606CC448A}"
EndProject
Global
	GlobalSection(SolutionConfigurationPlatforms) = preSolution
		Debug|Any CPU = Debug|Any CPU
		Release|Any CPU = Release|Any CPU
	EndGlobalSection
	GlobalSection(ProjectConfigurationPlatforms) = postSolution
		{DCEAB4D3-9CA3-44E2-8ADC-962606CC448A}.Debug|Any CPU.ActiveCfg = Debug|Any CPU
		{DCEAB4D3-9CA3-44E2-8ADC-962606CC448A}.Debug|Any CPU.Build.0 = Debug|Any CPU
		{DCEAB4D3-9CA3-44E2-8ADC-962606CC448A}.Release|Any CPU.ActiveCfg = Release|Any CPU
		{DCEAB4D3-9CA3-44E2-8ADC-962606CC448A}.Release|Any CPU.Build.0 = Release|Any CPU
	EndGlobalSection
	GlobalSection(SolutionProperties) = preSolution
		HideSolutionNode = FALSE
	EndGlobalSection
	GlobalSection(ExtensibilityGlobals) = postSolution
		SolutionGuid = {EA3F721E-B844-48AF-889B-46613C732C8B}
	EndGlobalSection
EndGlobal
